
Microsoft Visual Studio Solution File, Format Version 12.00
# Visual Studio 15
VisualStudioVersion = 15.0.28010.2048
MinimumVisualStudioVersion = 10.0.40219.1
Project("{FAE04EC0-301F-11D3-BF4B-00C04F79EFBC}") = "DZ1", "DZ3\DZ1.csproj", "{E1D45018-91DA-4C72-8B9F-CD8B635BC241}"
EndProject
Project("{FAE04EC0-301F-11D3-BF4B-00C04F79EFBC}") = "DZ2", "DZ2\DZ2.csproj", "{24AF4D9A-D9FC-4630-823A-FD6AEA0E7799}"
EndProject
Project("{FAE04EC0-301F-11D3-BF4B-00C04F79EFBC}") = "DZ3", "DZ_3\DZ3.csproj", "{B8D0FDC9-75BA-434F-B137-27FD589FD55A}"
EndProject
Global
	GlobalSection(SolutionConfigurationPlatforms) = preSolution
		Debug|Any CPU = Debug|Any CPU
		Release|Any CPU = Release|Any CPU
	EndGlobalSection
	GlobalSection(ProjectConfigurationPlatforms) = postSolution
		{E1D45018-91DA-4C72-8B9F-CD8B635BC241}.Debug|Any CPU.ActiveCfg = Debug|Any CPU
		{E1D45018-91DA-4C72-8B9F-CD8B635BC241}.Debug|Any CPU.Build.0 = Debug|Any CPU
		{E1D45018-91DA-4C72-8B9F-CD8B635BC241}.Release|Any CPU.ActiveCfg = Release|Any CPU
		{E1D45018-91DA-4C72-8B9F-CD8B635BC241}.Release|Any CPU.Build.0 = Release|Any CPU
		{24AF4D9A-D9FC-4630-823A-FD6AEA0E7799}.Debug|Any CPU.ActiveCfg = Debug|Any CPU
		{24AF4D9A-D9FC-4630-823A-FD6AEA0E7799}.Debug|Any CPU.Build.0 = Debug|Any CPU
		{24AF4D9A-D9FC-4630-823A-FD6AEA0E7799}.Release|Any CPU.ActiveCfg = Release|Any CPU
		{24AF4D9A-D9FC-4630-823A-FD6AEA0E7799}.Release|Any CPU.Build.0 = Release|Any CPU
		{B8D0FDC9-75BA-434F-B137-27FD589FD55A}.Debug|Any CPU.ActiveCfg = Debug|Any CPU
		{B8D0FDC9-75BA-434F-B137-27FD589FD55A}.Debug|Any CPU.Build.0 = Debug|Any CPU
		{B8D0FDC9-75BA-434F-B137-27FD589FD55A}.Release|Any CPU.ActiveCfg = Release|Any CPU
		{B8D0FDC9-75BA-434F-B137-27FD589FD55A}.Release|Any CPU.Build.0 = Release|Any CPU
	EndGlobalSection
	GlobalSection(SolutionProperties) = preSolution
		HideSolutionNode = FALSE
	EndGlobalSection
	GlobalSection(ExtensibilityGlobals) = postSolution
		SolutionGuid = {B6175867-6384-40D0-8DBB-DF9C961C88B5}
	EndGlobalSection
EndGlobal
